// !$*UTF8*$!
{
	archiveVersion = 1;
	classes = {
	};
	objectVersion = 56;
	objects = {

/* Begin PBXBuildFile section */
		2423B30A2B1B6760009BE015 /* EditButton.swift in Sources */ = {isa = PBXBuildFile; fileRef = 2423B3092B1B6760009BE015 /* EditButton.swift */; };
		247739672B150000000F6B56 /* VindecorApp.swift in Sources */ = {isa = PBXBuildFile; fileRef = 247739662B150000000F6B56 /* VindecorApp.swift */; };
		247739692B150000000F6B56 /* ContentView.swift in Sources */ = {isa = PBXBuildFile; fileRef = 247739682B150000000F6B56 /* ContentView.swift */; };
		2477396B2B150001000F6B56 /* Assets.xcassets in Resources */ = {isa = PBXBuildFile; fileRef = 2477396A2B150001000F6B56 /* Assets.xcassets */; };
		2477396E2B150001000F6B56 /* Preview Assets.xcassets in Resources */ = {isa = PBXBuildFile; fileRef = 2477396D2B150001000F6B56 /* Preview Assets.xcassets */; };
		247739762B150019000F6B56 /* HomeView.swift in Sources */ = {isa = PBXBuildFile; fileRef = 247739752B150019000F6B56 /* HomeView.swift */; };
		247739802B159AAD000F6B56 /* BungeeShade-Regular.ttf in Resources */ = {isa = PBXBuildFile; fileRef = 2477397F2B159AAD000F6B56 /* BungeeShade-Regular.ttf */; };
		247739822B159B85000F6B56 /* IbarraRealNova-VariableFont_wght.ttf in Resources */ = {isa = PBXBuildFile; fileRef = 247739812B159B85000F6B56 /* IbarraRealNova-VariableFont_wght.ttf */; };
		247739842B159F56000F6B56 /* Anton-Regular.ttf in Resources */ = {isa = PBXBuildFile; fileRef = 247739832B159F28000F6B56 /* Anton-Regular.ttf */; };
		247739862B15A93E000F6B56 /* DesignPickerView.swift in Sources */ = {isa = PBXBuildFile; fileRef = 247739852B15A93E000F6B56 /* DesignPickerView.swift */; };
		2477398A2B15B8CF000F6B56 /* PaytoneOne-Regular.ttf in Resources */ = {isa = PBXBuildFile; fileRef = 247739892B15B8CF000F6B56 /* PaytoneOne-Regular.ttf */; };
		2477398C2B15C748000F6B56 /* InformationEntryView.swift in Sources */ = {isa = PBXBuildFile; fileRef = 2477398B2B15C748000F6B56 /* InformationEntryView.swift */; };
		2477398E2B15C7C1000F6B56 /* InformationEnTryViewModel.swift in Sources */ = {isa = PBXBuildFile; fileRef = 2477398D2B15C7C1000F6B56 /* InformationEnTryViewModel.swift */; };
		247739902B15D0C3000F6B56 /* ScreenList.swift in Sources */ = {isa = PBXBuildFile; fileRef = 2477398F2B15D0C3000F6B56 /* ScreenList.swift */; };
		247739922B15DC0E000F6B56 /* PremisesInformationView.swift in Sources */ = {isa = PBXBuildFile; fileRef = 247739912B15DC0E000F6B56 /* PremisesInformationView.swift */; };
		247739972B15DD49000F6B56 /* PremisesInformationViewModel.swift in Sources */ = {isa = PBXBuildFile; fileRef = 247739962B15DD49000F6B56 /* PremisesInformationViewModel.swift */; };
		2477399A2B15DF0D000F6B56 /* EnterBudgetView.swift in Sources */ = {isa = PBXBuildFile; fileRef = 247739992B15DF0D000F6B56 /* EnterBudgetView.swift */; };
		2477399C2B15DF8A000F6B56 /* EnterBudgetViewModel.swift in Sources */ = {isa = PBXBuildFile; fileRef = 2477399B2B15DF8A000F6B56 /* EnterBudgetViewModel.swift */; };
		2477399E2B15E355000F6B56 /* DesignStyleView.swift in Sources */ = {isa = PBXBuildFile; fileRef = 2477399D2B15E355000F6B56 /* DesignStyleView.swift */; };
		247739A02B15E374000F6B56 /* DesignStyleViewModel.swift in Sources */ = {isa = PBXBuildFile; fileRef = 2477399F2B15E374000F6B56 /* DesignStyleViewModel.swift */; };
		247739A22B162FAF000F6B56 /* ConfirmView.swift in Sources */ = {isa = PBXBuildFile; fileRef = 247739A12B162FAF000F6B56 /* ConfirmView.swift */; };
		247739A42B163118000F6B56 /* Bungee-Regular.ttf in Resources */ = {isa = PBXBuildFile; fileRef = 247739A32B1630FA000F6B56 /* Bungee-Regular.ttf */; };
		247739A62B16EB8F000F6B56 /* DesignView.swift in Sources */ = {isa = PBXBuildFile; fileRef = 247739A52B16EB8F000F6B56 /* DesignView.swift */; };
		247739A82B17820F000F6B56 /* LottieView.swift in Sources */ = {isa = PBXBuildFile; fileRef = 247739A72B17820F000F6B56 /* LottieView.swift */; };
		247739B02B178A76000F6B56 /* waitting.json in Resources */ = {isa = PBXBuildFile; fileRef = 247739AF2B178A76000F6B56 /* waitting.json */; };
		7CC3C6BC8E8CD6BC2E4067EF /* Pods_Vindecor.framework in Frameworks */ = {isa = PBXBuildFile; fileRef = E6B60CB6F045D57C7CB8973D /* Pods_Vindecor.framework */; };
		982F7DB82B1C4DBD00CD4E2F /* KeyBoardExt.swift in Sources */ = {isa = PBXBuildFile; fileRef = 982F7DB72B1C4DBD00CD4E2F /* KeyBoardExt.swift */; };
/* End PBXBuildFile section */

/* Begin PBXFileReference section */
		1550E60373D58AFFFD724A47 /* Pods-Vindecor.release.xcconfig */ = {isa = PBXFileReference; includeInIndex = 1; lastKnownFileType = text.xcconfig; name = "Pods-Vindecor.release.xcconfig"; path = "Target Support Files/Pods-Vindecor/Pods-Vindecor.release.xcconfig"; sourceTree = "<group>"; };
		2423B3092B1B6760009BE015 /* EditButton.swift */ = {isa = PBXFileReference; lastKnownFileType = sourcecode.swift; path = EditButton.swift; sourceTree = "<group>"; };
		247739632B150000000F6B56 /* Vindecor.app */ = {isa = PBXFileReference; explicitFileType = wrapper.application; includeInIndex = 0; path = Vindecor.app; sourceTree = BUILT_PRODUCTS_DIR; };
		247739662B150000000F6B56 /* VindecorApp.swift */ = {isa = PBXFileReference; lastKnownFileType = sourcecode.swift; path = VindecorApp.swift; sourceTree = "<group>"; };
		247739682B150000000F6B56 /* ContentView.swift */ = {isa = PBXFileReference; lastKnownFileType = sourcecode.swift; path = ContentView.swift; sourceTree = "<group>"; };
		2477396A2B150001000F6B56 /* Assets.xcassets */ = {isa = PBXFileReference; lastKnownFileType = folder.assetcatalog; path = Assets.xcassets; sourceTree = "<group>"; };
		2477396D2B150001000F6B56 /* Preview Assets.xcassets */ = {isa = PBXFileReference; lastKnownFileType = folder.assetcatalog; path = "Preview Assets.xcassets"; sourceTree = "<group>"; };
		247739752B150019000F6B56 /* HomeView.swift */ = {isa = PBXFileReference; lastKnownFileType = sourcecode.swift; path = HomeView.swift; sourceTree = "<group>"; };
		2477397D2B1596B6000F6B56 /* Info.plist */ = {isa = PBXFileReference; lastKnownFileType = text.plist; path = Info.plist; sourceTree = "<group>"; };
		2477397F2B159AAD000F6B56 /* BungeeShade-Regular.ttf */ = {isa = PBXFileReference; lastKnownFileType = file; path = "BungeeShade-Regular.ttf"; sourceTree = "<group>"; };
		247739812B159B85000F6B56 /* IbarraRealNova-VariableFont_wght.ttf */ = {isa = PBXFileReference; lastKnownFileType = file; path = "IbarraRealNova-VariableFont_wght.ttf"; sourceTree = "<group>"; };
		247739832B159F28000F6B56 /* Anton-Regular.ttf */ = {isa = PBXFileReference; lastKnownFileType = file; path = "Anton-Regular.ttf"; sourceTree = "<group>"; };
		247739852B15A93E000F6B56 /* DesignPickerView.swift */ = {isa = PBXFileReference; lastKnownFileType = sourcecode.swift; path = DesignPickerView.swift; sourceTree = "<group>"; };
		247739892B15B8CF000F6B56 /* PaytoneOne-Regular.ttf */ = {isa = PBXFileReference; lastKnownFileType = file; path = "PaytoneOne-Regular.ttf"; sourceTree = "<group>"; };
		2477398B2B15C748000F6B56 /* InformationEntryView.swift */ = {isa = PBXFileReference; lastKnownFileType = sourcecode.swift; path = InformationEntryView.swift; sourceTree = "<group>"; };
		2477398D2B15C7C1000F6B56 /* InformationEnTryViewModel.swift */ = {isa = PBXFileReference; lastKnownFileType = sourcecode.swift; path = InformationEnTryViewModel.swift; sourceTree = "<group>"; };
		2477398F2B15D0C3000F6B56 /* ScreenList.swift */ = {isa = PBXFileReference; fileEncoding = 4; lastKnownFileType = sourcecode.swift; path = ScreenList.swift; sourceTree = "<group>"; };
		247739912B15DC0E000F6B56 /* PremisesInformationView.swift */ = {isa = PBXFileReference; lastKnownFileType = sourcecode.swift; path = PremisesInformationView.swift; sourceTree = "<group>"; };
		247739962B15DD49000F6B56 /* PremisesInformationViewModel.swift */ = {isa = PBXFileReference; lastKnownFileType = sourcecode.swift; path = PremisesInformationViewModel.swift; sourceTree = "<group>"; };
		247739992B15DF0D000F6B56 /* EnterBudgetView.swift */ = {isa = PBXFileReference; lastKnownFileType = sourcecode.swift; path = EnterBudgetView.swift; sourceTree = "<group>"; };
		2477399B2B15DF8A000F6B56 /* EnterBudgetViewModel.swift */ = {isa = PBXFileReference; lastKnownFileType = sourcecode.swift; path = EnterBudgetViewModel.swift; sourceTree = "<group>"; };
		2477399D2B15E355000F6B56 /* DesignStyleView.swift */ = {isa = PBXFileReference; lastKnownFileType = sourcecode.swift; path = DesignStyleView.swift; sourceTree = "<group>"; };
		2477399F2B15E374000F6B56 /* DesignStyleViewModel.swift */ = {isa = PBXFileReference; lastKnownFileType = sourcecode.swift; path = DesignStyleViewModel.swift; sourceTree = "<group>"; };
		247739A12B162FAF000F6B56 /* ConfirmView.swift */ = {isa = PBXFileReference; lastKnownFileType = sourcecode.swift; path = ConfirmView.swift; sourceTree = "<group>"; };
		247739A32B1630FA000F6B56 /* Bungee-Regular.ttf */ = {isa = PBXFileReference; lastKnownFileType = file; path = "Bungee-Regular.ttf"; sourceTree = "<group>"; };
		247739A52B16EB8F000F6B56 /* DesignView.swift */ = {isa = PBXFileReference; lastKnownFileType = sourcecode.swift; path = DesignView.swift; sourceTree = "<group>"; };
		247739A72B17820F000F6B56 /* LottieView.swift */ = {isa = PBXFileReference; fileEncoding = 4; lastKnownFileType = sourcecode.swift; path = LottieView.swift; sourceTree = "<group>"; };
		247739AF2B178A76000F6B56 /* waitting.json */ = {isa = PBXFileReference; fileEncoding = 4; lastKnownFileType = text.json; name = waitting.json; path = ../waitting.json; sourceTree = "<group>"; };
		842BFCCD6DFBD3F12D1A1B07 /* Pods-Vindecor.debug.xcconfig */ = {isa = PBXFileReference; includeInIndex = 1; lastKnownFileType = text.xcconfig; name = "Pods-Vindecor.debug.xcconfig"; path = "Target Support Files/Pods-Vindecor/Pods-Vindecor.debug.xcconfig"; sourceTree = "<group>"; };
		982F7DB72B1C4DBD00CD4E2F /* KeyBoardExt.swift */ = {isa = PBXFileReference; lastKnownFileType = sourcecode.swift; path = KeyBoardExt.swift; sourceTree = "<group>"; };
		E6B60CB6F045D57C7CB8973D /* Pods_Vindecor.framework */ = {isa = PBXFileReference; explicitFileType = wrapper.framework; includeInIndex = 0; path = Pods_Vindecor.framework; sourceTree = BUILT_PRODUCTS_DIR; };
/* End PBXFileReference section */

/* Begin PBXFrameworksBuildPhase section */
		247739602B150000000F6B56 /* Frameworks */ = {
			isa = PBXFrameworksBuildPhase;
			buildActionMask = 2147483647;
			files = (
				7CC3C6BC8E8CD6BC2E4067EF /* Pods_Vindecor.framework in Frameworks */,
			);
			runOnlyForDeploymentPostprocessing = 0;
		};
/* End PBXFrameworksBuildPhase section */

/* Begin PBXGroup section */
		2477395A2B150000000F6B56 = {
			isa = PBXGroup;
			children = (
				247739652B150000000F6B56 /* Vindecor */,
				247739642B150000000F6B56 /* Products */,
				4CC2F111271A1C0E874A40E3 /* Pods */,
				BFF47202F5708190E332144F /* Frameworks */,
			);
			sourceTree = "<group>";
		};
		247739642B150000000F6B56 /* Products */ = {
			isa = PBXGroup;
			children = (
				247739632B150000000F6B56 /* Vindecor.app */,
			);
			name = Products;
			sourceTree = "<group>";
		};
		247739652B150000000F6B56 /* Vindecor */ = {
			isa = PBXGroup;
			children = (
				2477397D2B1596B6000F6B56 /* Info.plist */,
				247739B42B178D13000F6B56 /* ViewModel */,
				247739B22B178C85000F6B56 /* Views */,
				247739B32B178CE3000F6B56 /* Other */,
				247739782B1594D5000F6B56 /* Font */,
				247739662B150000000F6B56 /* VindecorApp.swift */,
				247739682B150000000F6B56 /* ContentView.swift */,
				2477396A2B150001000F6B56 /* Assets.xcassets */,
				2477396C2B150001000F6B56 /* Preview Content */,
			);
			path = Vindecor;
			sourceTree = "<group>";
		};
		2477396C2B150001000F6B56 /* Preview Content */ = {
			isa = PBXGroup;
			children = (
				2477396D2B150001000F6B56 /* Preview Assets.xcassets */,
			);
			path = "Preview Content";
			sourceTree = "<group>";
		};
		247739782B1594D5000F6B56 /* Font */ = {
			isa = PBXGroup;
			children = (
				247739AF2B178A76000F6B56 /* waitting.json */,
				247739892B15B8CF000F6B56 /* PaytoneOne-Regular.ttf */,
				2477397F2B159AAD000F6B56 /* BungeeShade-Regular.ttf */,
				247739A32B1630FA000F6B56 /* Bungee-Regular.ttf */,
				247739832B159F28000F6B56 /* Anton-Regular.ttf */,
				247739812B159B85000F6B56 /* IbarraRealNova-VariableFont_wght.ttf */,
			);
			path = Font;
			sourceTree = "<group>";
		};
		247739982B15DEF4000F6B56 /* 1 */ = {
			isa = PBXGroup;
			children = (
				247739912B15DC0E000F6B56 /* PremisesInformationView.swift */,
				247739992B15DF0D000F6B56 /* EnterBudgetView.swift */,
				2477399D2B15E355000F6B56 /* DesignStyleView.swift */,
				247739A52B16EB8F000F6B56 /* DesignView.swift */,
			);
			path = 1;
			sourceTree = "<group>";
		};
		247739B22B178C85000F6B56 /* Views */ = {
			isa = PBXGroup;
			children = (
				247739982B15DEF4000F6B56 /* 1 */,
				247739752B150019000F6B56 /* HomeView.swift */,
				247739852B15A93E000F6B56 /* DesignPickerView.swift */,
				2477398B2B15C748000F6B56 /* InformationEntryView.swift */,
				247739A12B162FAF000F6B56 /* ConfirmView.swift */,
			);
			path = Views;
			sourceTree = "<group>";
		};
		247739B32B178CE3000F6B56 /* Other */ = {
			isa = PBXGroup;
			children = (
				247739A72B17820F000F6B56 /* LottieView.swift */,
				2477398F2B15D0C3000F6B56 /* ScreenList.swift */,
				2423B3092B1B6760009BE015 /* EditButton.swift */,
				982F7DB72B1C4DBD00CD4E2F /* KeyBoardExt.swift */,
			);
			path = Other;
			sourceTree = "<group>";
		};
		247739B42B178D13000F6B56 /* ViewModel */ = {
			isa = PBXGroup;
			children = (
				2477398D2B15C7C1000F6B56 /* InformationEnTryViewModel.swift */,
				247739962B15DD49000F6B56 /* PremisesInformationViewModel.swift */,
				2477399B2B15DF8A000F6B56 /* EnterBudgetViewModel.swift */,
				2477399F2B15E374000F6B56 /* DesignStyleViewModel.swift */,
			);
			path = ViewModel;
			sourceTree = "<group>";
		};
		4CC2F111271A1C0E874A40E3 /* Pods */ = {
			isa = PBXGroup;
			children = (
				842BFCCD6DFBD3F12D1A1B07 /* Pods-Vindecor.debug.xcconfig */,
				1550E60373D58AFFFD724A47 /* Pods-Vindecor.release.xcconfig */,
			);
			path = Pods;
			sourceTree = "<group>";
		};
		BFF47202F5708190E332144F /* Frameworks */ = {
			isa = PBXGroup;
			children = (
				E6B60CB6F045D57C7CB8973D /* Pods_Vindecor.framework */,
			);
			name = Frameworks;
			sourceTree = "<group>";
		};
/* End PBXGroup section */

/* Begin PBXNativeTarget section */
		247739622B150000000F6B56 /* Vindecor */ = {
			isa = PBXNativeTarget;
			buildConfigurationList = 247739712B150001000F6B56 /* Build configuration list for PBXNativeTarget "Vindecor" */;
			buildPhases = (
				7FECBEA0C880D462DECF4FA3 /* [CP] Check Pods Manifest.lock */,
				2477395F2B150000000F6B56 /* Sources */,
				247739602B150000000F6B56 /* Frameworks */,
				247739612B150000000F6B56 /* Resources */,
				ED39AC18204A5A8E19F71C3E /* [CP] Embed Pods Frameworks */,
			);
			buildRules = (
			);
			dependencies = (
			);
			name = Vindecor;
			productName = Vindecor;
			productReference = 247739632B150000000F6B56 /* Vindecor.app */;
			productType = "com.apple.product-type.application";
		};
/* End PBXNativeTarget section */

/* Begin PBXProject section */
		2477395B2B150000000F6B56 /* Project object */ = {
			isa = PBXProject;
			attributes = {
				BuildIndependentTargetsInParallel = 1;
				LastSwiftUpdateCheck = 1430;
				LastUpgradeCheck = 1430;
				TargetAttributes = {
					247739622B150000000F6B56 = {
						CreatedOnToolsVersion = 14.3.1;
					};
				};
			};
			buildConfigurationList = 2477395E2B150000000F6B56 /* Build configuration list for PBXProject "Vindecor" */;
			compatibilityVersion = "Xcode 14.0";
			developmentRegion = en;
			hasScannedForEncodings = 0;
			knownRegions = (
				en,
				Base,
			);
			mainGroup = 2477395A2B150000000F6B56;
			productRefGroup = 247739642B150000000F6B56 /* Products */;
			projectDirPath = "";
			projectRoot = "";
			targets = (
				247739622B150000000F6B56 /* Vindecor */,
			);
		};
/* End PBXProject section */

/* Begin PBXResourcesBuildPhase section */
		247739612B150000000F6B56 /* Resources */ = {
			isa = PBXResourcesBuildPhase;
			buildActionMask = 2147483647;
			files = (
				247739822B159B85000F6B56 /* IbarraRealNova-VariableFont_wght.ttf in Resources */,
				247739802B159AAD000F6B56 /* BungeeShade-Regular.ttf in Resources */,
				247739842B159F56000F6B56 /* Anton-Regular.ttf in Resources */,
				2477398A2B15B8CF000F6B56 /* PaytoneOne-Regular.ttf in Resources */,
				247739B02B178A76000F6B56 /* waitting.json in Resources */,
				247739A42B163118000F6B56 /* Bungee-Regular.ttf in Resources */,
				2477396E2B150001000F6B56 /* Preview Assets.xcassets in Resources */,
				2477396B2B150001000F6B56 /* Assets.xcassets in Resources */,
			);
			runOnlyForDeploymentPostprocessing = 0;
		};
/* End PBXResourcesBuildPhase section */

/* Begin PBXShellScriptBuildPhase section */
		7FECBEA0C880D462DECF4FA3 /* [CP] Check Pods Manifest.lock */ = {
			isa = PBXShellScriptBuildPhase;
			buildActionMask = 2147483647;
			files = (
			);
			inputFileListPaths = (
			);
			inputPaths = (
				"${PODS_PODFILE_DIR_PATH}/Podfile.lock",
				"${PODS_ROOT}/Manifest.lock",
			);
			name = "[CP] Check Pods Manifest.lock";
			outputFileListPaths = (
			);
			outputPaths = (
				"$(DERIVED_FILE_DIR)/Pods-Vindecor-checkManifestLockResult.txt",
			);
			runOnlyForDeploymentPostprocessing = 0;
			shellPath = /bin/sh;
			shellScript = "diff \"${PODS_PODFILE_DIR_PATH}/Podfile.lock\" \"${PODS_ROOT}/Manifest.lock\" > /dev/null\nif [ $? != 0 ] ; then\n    # print error to STDERR\n    echo \"error: The sandbox is not in sync with the Podfile.lock. Run 'pod install' or update your CocoaPods installation.\" >&2\n    exit 1\nfi\n# This output is used by Xcode 'outputs' to avoid re-running this script phase.\necho \"SUCCESS\" > \"${SCRIPT_OUTPUT_FILE_0}\"\n";
			showEnvVarsInLog = 0;
		};
		ED39AC18204A5A8E19F71C3E /* [CP] Embed Pods Frameworks */ = {
			isa = PBXShellScriptBuildPhase;
			buildActionMask = 2147483647;
			files = (
			);
			inputFileListPaths = (
				"${PODS_ROOT}/Target Support Files/Pods-Vindecor/Pods-Vindecor-frameworks-${CONFIGURATION}-input-files.xcfilelist",
			);
			name = "[CP] Embed Pods Frameworks";
			outputFileListPaths = (
				"${PODS_ROOT}/Target Support Files/Pods-Vindecor/Pods-Vindecor-frameworks-${CONFIGURATION}-output-files.xcfilelist",
			);
			runOnlyForDeploymentPostprocessing = 0;
			shellPath = /bin/sh;
			shellScript = "\"${PODS_ROOT}/Target Support Files/Pods-Vindecor/Pods-Vindecor-frameworks.sh\"\n";
			showEnvVarsInLog = 0;
		};
/* End PBXShellScriptBuildPhase section */

/* Begin PBXSourcesBuildPhase section */
		2477395F2B150000000F6B56 /* Sources */ = {
			isa = PBXSourcesBuildPhase;
			buildActionMask = 2147483647;
			files = (
				2477399C2B15DF8A000F6B56 /* EnterBudgetViewModel.swift in Sources */,
				247739972B15DD49000F6B56 /* PremisesInformationViewModel.swift in Sources */,
				247739A62B16EB8F000F6B56 /* DesignView.swift in Sources */,
				2477398E2B15C7C1000F6B56 /* InformationEnTryViewModel.swift in Sources */,
				247739A22B162FAF000F6B56 /* ConfirmView.swift in Sources */,
				247739922B15DC0E000F6B56 /* PremisesInformationView.swift in Sources */,
				247739A02B15E374000F6B56 /* DesignStyleViewModel.swift in Sources */,
				247739A82B17820F000F6B56 /* LottieView.swift in Sources */,
				247739862B15A93E000F6B56 /* DesignPickerView.swift in Sources */,
				247739902B15D0C3000F6B56 /* ScreenList.swift in Sources */,
				982F7DB82B1C4DBD00CD4E2F /* KeyBoardExt.swift in Sources */,
				2477399E2B15E355000F6B56 /* DesignStyleView.swift in Sources */,
				247739762B150019000F6B56 /* HomeView.swift in Sources */,
				247739692B150000000F6B56 /* ContentView.swift in Sources */,
				2477398C2B15C748000F6B56 /* InformationEntryView.swift in Sources */,
				2423B30A2B1B6760009BE015 /* EditButton.swift in Sources */,
				2477399A2B15DF0D000F6B56 /* EnterBudgetView.swift in Sources */,
				247739672B150000000F6B56 /* VindecorApp.swift in Sources */,
			);
			runOnlyForDeploymentPostprocessing = 0;
		};
/* End PBXSourcesBuildPhase section */

/* Begin XCBuildConfiguration section */
		2477396F2B150001000F6B56 /* Debug */ = {
			isa = XCBuildConfiguration;
			buildSettings = {
				ALWAYS_SEARCH_USER_PATHS = NO;
				CLANG_ANALYZER_NONNULL = YES;
				CLANG_ANALYZER_NUMBER_OBJECT_CONVERSION = YES_AGGRESSIVE;
				CLANG_CXX_LANGUAGE_STANDARD = "gnu++20";
				CLANG_ENABLE_MODULES = YES;
				CLANG_ENABLE_OBJC_ARC = YES;
				CLANG_ENABLE_OBJC_WEAK = YES;
				CLANG_WARN_BLOCK_CAPTURE_AUTORELEASING = YES;
				CLANG_WARN_BOOL_CONVERSION = YES;
				CLANG_WARN_COMMA = YES;
				CLANG_WARN_CONSTANT_CONVERSION = YES;
				CLANG_WARN_DEPRECATED_OBJC_IMPLEMENTATIONS = YES;
				CLANG_WARN_DIRECT_OBJC_ISA_USAGE = YES_ERROR;
				CLANG_WARN_DOCUMENTATION_COMMENTS = YES;
				CLANG_WARN_EMPTY_BODY = YES;
				CLANG_WARN_ENUM_CONVERSION = YES;
				CLANG_WARN_INFINITE_RECURSION = YES;
				CLANG_WARN_INT_CONVERSION = YES;
				CLANG_WARN_NON_LITERAL_NULL_CONVERSION = YES;
				CLANG_WARN_OBJC_IMPLICIT_RETAIN_SELF = YES;
				CLANG_WARN_OBJC_LITERAL_CONVERSION = YES;
				CLANG_WARN_OBJC_ROOT_CLASS = YES_ERROR;
				CLANG_WARN_QUOTED_INCLUDE_IN_FRAMEWORK_HEADER = YES;
				CLANG_WARN_RANGE_LOOP_ANALYSIS = YES;
				CLANG_WARN_STRICT_PROTOTYPES = YES;
				CLANG_WARN_SUSPICIOUS_MOVE = YES;
				CLANG_WARN_UNGUARDED_AVAILABILITY = YES_AGGRESSIVE;
				CLANG_WARN_UNREACHABLE_CODE = YES;
				CLANG_WARN__DUPLICATE_METHOD_MATCH = YES;
				COPY_PHASE_STRIP = NO;
				DEBUG_INFORMATION_FORMAT = dwarf;
				ENABLE_STRICT_OBJC_MSGSEND = YES;
				ENABLE_TESTABILITY = YES;
				GCC_C_LANGUAGE_STANDARD = gnu11;
				GCC_DYNAMIC_NO_PIC = NO;
				GCC_NO_COMMON_BLOCKS = YES;
				GCC_OPTIMIZATION_LEVEL = 0;
				GCC_PREPROCESSOR_DEFINITIONS = (
					"DEBUG=1",
					"$(inherited)",
				);
				GCC_WARN_64_TO_32_BIT_CONVERSION = YES;
				GCC_WARN_ABOUT_RETURN_TYPE = YES_ERROR;
				GCC_WARN_UNDECLARED_SELECTOR = YES;
				GCC_WARN_UNINITIALIZED_AUTOS = YES_AGGRESSIVE;
				GCC_WARN_UNUSED_FUNCTION = YES;
				GCC_WARN_UNUSED_VARIABLE = YES;
				IPHONEOS_DEPLOYMENT_TARGET = 16.4;
				MTL_ENABLE_DEBUG_INFO = INCLUDE_SOURCE;
				MTL_FAST_MATH = YES;
				ONLY_ACTIVE_ARCH = YES;
				SDKROOT = iphoneos;
				SWIFT_ACTIVE_COMPILATION_CONDITIONS = DEBUG;
				SWIFT_OPTIMIZATION_LEVEL = "-Onone";
			};
			name = Debug;
		};
		247739702B150001000F6B56 /* Release */ = {
			isa = XCBuildConfiguration;
			buildSettings = {
				ALWAYS_SEARCH_USER_PATHS = NO;
				CLANG_ANALYZER_NONNULL = YES;
				CLANG_ANALYZER_NUMBER_OBJECT_CONVERSION = YES_AGGRESSIVE;
				CLANG_CXX_LANGUAGE_STANDARD = "gnu++20";
				CLANG_ENABLE_MODULES = YES;
				CLANG_ENABLE_OBJC_ARC = YES;
				CLANG_ENABLE_OBJC_WEAK = YES;
				CLANG_WARN_BLOCK_CAPTURE_AUTORELEASING = YES;
				CLANG_WARN_BOOL_CONVERSION = YES;
				CLANG_WARN_COMMA = YES;
				CLANG_WARN_CONSTANT_CONVERSION = YES;
				CLANG_WARN_DEPRECATED_OBJC_IMPLEMENTATIONS = YES;
				CLANG_WARN_DIRECT_OBJC_ISA_USAGE = YES_ERROR;
				CLANG_WARN_DOCUMENTATION_COMMENTS = YES;
				CLANG_WARN_EMPTY_BODY = YES;
				CLANG_WARN_ENUM_CONVERSION = YES;
				CLANG_WARN_INFINITE_RECURSION = YES;
				CLANG_WARN_INT_CONVERSION = YES;
				CLANG_WARN_NON_LITERAL_NULL_CONVERSION = YES;
				CLANG_WARN_OBJC_IMPLICIT_RETAIN_SELF = YES;
				CLANG_WARN_OBJC_LITERAL_CONVERSION = YES;
				CLANG_WARN_OBJC_ROOT_CLASS = YES_ERROR;
				CLANG_WARN_QUOTED_INCLUDE_IN_FRAMEWORK_HEADER = YES;
				CLANG_WARN_RANGE_LOOP_ANALYSIS = YES;
				CLANG_WARN_STRICT_PROTOTYPES = YES;
				CLANG_WARN_SUSPICIOUS_MOVE = YES;
				CLANG_WARN_UNGUARDED_AVAILABILITY = YES_AGGRESSIVE;
				CLANG_WARN_UNREACHABLE_CODE = YES;
				CLANG_WARN__DUPLICATE_METHOD_MATCH = YES;
				COPY_PHASE_STRIP = NO;
				DEBUG_INFORMATION_FORMAT = "dwarf-with-dsym";
				ENABLE_NS_ASSERTIONS = NO;
				ENABLE_STRICT_OBJC_MSGSEND = YES;
				GCC_C_LANGUAGE_STANDARD = gnu11;
				GCC_NO_COMMON_BLOCKS = YES;
				GCC_WARN_64_TO_32_BIT_CONVERSION = YES;
				GCC_WARN_ABOUT_RETURN_TYPE = YES_ERROR;
				GCC_WARN_UNDECLARED_SELECTOR = YES;
				GCC_WARN_UNINITIALIZED_AUTOS = YES_AGGRESSIVE;
				GCC_WARN_UNUSED_FUNCTION = YES;
				GCC_WARN_UNUSED_VARIABLE = YES;
				IPHONEOS_DEPLOYMENT_TARGET = 16.4;
				MTL_ENABLE_DEBUG_INFO = NO;
				MTL_FAST_MATH = YES;
				SDKROOT = iphoneos;
				SWIFT_COMPILATION_MODE = wholemodule;
				SWIFT_OPTIMIZATION_LEVEL = "-O";
				VALIDATE_PRODUCT = YES;
			};
			name = Release;
		};
		247739722B150001000F6B56 /* Debug */ = {
			isa = XCBuildConfiguration;
			baseConfigurationReference = 842BFCCD6DFBD3F12D1A1B07 /* Pods-Vindecor.debug.xcconfig */;
			buildSettings = {
				ASSETCATALOG_COMPILER_APPICON_NAME = AppIcon;
				ASSETCATALOG_COMPILER_GLOBAL_ACCENT_COLOR_NAME = AccentColor;
				CODE_SIGN_STYLE = Automatic;
				CURRENT_PROJECT_VERSION = 1;
				DEVELOPMENT_ASSET_PATHS = "\"Vindecor/Preview Content\"";
				DEVELOPMENT_TEAM = ZF3NGCURC2;
				ENABLE_PREVIEWS = YES;
				GENERATE_INFOPLIST_FILE = YES;
				INFOPLIST_FILE = Vindecor/Info.plist;
				INFOPLIST_KEY_UIApplicationSceneManifest_Generation = YES;
				INFOPLIST_KEY_UIApplicationSupportsIndirectInputEvents = YES;
				INFOPLIST_KEY_UILaunchScreen_Generation = YES;
				INFOPLIST_KEY_UISupportedInterfaceOrientations_iPad = "UIInterfaceOrientationPortrait UIInterfaceOrientationPortraitUpsideDown UIInterfaceOrientationLandscapeLeft UIInterfaceOrientationLandscapeRight";
				INFOPLIST_KEY_UISupportedInterfaceOrientations_iPhone = "UIInterfaceOrientationPortrait UIInterfaceOrientationLandscapeLeft UIInterfaceOrientationLandscapeRight";
				IPHONEOS_DEPLOYMENT_TARGET = 16.4;
				"IPHONEOS_DEPLOYMENT_TARGET[sdk=iphoneos*]" = 16.4;
				LD_RUNPATH_SEARCH_PATHS = (
					"$(inherited)",
					"@executable_path/Frameworks",
				);
				MARKETING_VERSION = 1.0;
				PRODUCT_BUNDLE_IDENTIFIER = "--";
				PRODUCT_NAME = "$(TARGET_NAME)";
				SWIFT_EMIT_LOC_STRINGS = YES;
				SWIFT_VERSION = 5.0;
				TARGETED_DEVICE_FAMILY = "1,2";
			};
			name = Debug;
		};
		247739732B150001000F6B56 /* Release */ = {
			isa = XCBuildConfiguration;
			baseConfigurationReference = 1550E60373D58AFFFD724A47 /* Pods-Vindecor.release.xcconfig */;
			buildSettings = {
				ASSETCATALOG_COMPILER_APPICON_NAME = AppIcon;
				ASSETCATALOG_COMPILER_GLOBAL_ACCENT_COLOR_NAME = AccentColor;
				CODE_SIGN_STYLE = Automatic;
				CURRENT_PROJECT_VERSION = 1;
				DEVELOPMENT_ASSET_PATHS = "\"Vindecor/Preview Content\"";
				DEVELOPMENT_TEAM = ZF3NGCURC2;
				ENABLE_PREVIEWS = YES;
				GENERATE_INFOPLIST_FILE = YES;
				INFOPLIST_FILE = Vindecor/Info.plist;
				INFOPLIST_KEY_UIApplicationSceneManifest_Generation = YES;
				INFOPLIST_KEY_UIApplicationSupportsIndirectInputEvents = YES;
				INFOPLIST_KEY_UILaunchScreen_Generation = YES;
				INFOPLIST_KEY_UISupportedInterfaceOrientations_iPad = "UIInterfaceOrientationPortrait UIInterfaceOrientationPortraitUpsideDown UIInterfaceOrientationLandscapeLeft UIInterfaceOrientationLandscapeRight";
				INFOPLIST_KEY_UISupportedInterfaceOrientations_iPhone = "UIInterfaceOrientationPortrait UIInterfaceOrientationLandscapeLeft UIInterfaceOrientationLandscapeRight";
				IPHONEOS_DEPLOYMENT_TARGET = 16.4;
				"IPHONEOS_DEPLOYMENT_TARGET[sdk=iphoneos*]" = 16.4;
				LD_RUNPATH_SEARCH_PATHS = (
					"$(inherited)",
					"@executable_path/Frameworks",
				);
				MARKETING_VERSION = 1.0;
				PRODUCT_BUNDLE_IDENTIFIER = "--";
				PRODUCT_NAME = "$(TARGET_NAME)";
				SWIFT_EMIT_LOC_STRINGS = YES;
				SWIFT_VERSION = 5.0;
				TARGETED_DEVICE_FAMILY = "1,2";
			};
			name = Release;
		};
/* End XCBuildConfiguration section */

/* Begin XCConfigurationList section */
		2477395E2B150000000F6B56 /* Build configuration list for PBXProject "Vindecor" */ = {
			isa = XCConfigurationList;
			buildConfigurations = (
				2477396F2B150001000F6B56 /* Debug */,
				247739702B150001000F6B56 /* Release */,
			);
			defaultConfigurationIsVisible = 0;
			defaultConfigurationName = Release;
		};
		247739712B150001000F6B56 /* Build configuration list for PBXNativeTarget "Vindecor" */ = {
			isa = XCConfigurationList;
			buildConfigurations = (
				247739722B150001000F6B56 /* Debug */,
				247739732B150001000F6B56 /* Release */,
			);
			defaultConfigurationIsVisible = 0;
			defaultConfigurationName = Release;
		};
/* End XCConfigurationList section */
	};
	rootObject = 2477395B2B150000000F6B56 /* Project object */;
}
